
Microsoft Visual Studio Solution File, Format Version 12.00
# Visual Studio Version 16
VisualStudioVersion = 16.0.29911.84
MinimumVisualStudioVersion = 10.0.40219.1
Project("{8BC9CEB8-8B4A-11D0-8D11-00A0C91BC942}") = "StaticLib1", "StaticLib1\StaticLib1.vcxproj", "{5384B849-9343-412A-B544-338FDBA906F1}"
EndProject
Project("{8BC9CEB8-8B4A-11D0-8D11-00A0C91BC942}") = "LoginServer", "LoginServer\LoginServer.vcxproj", "{E4A5657C-E074-459E-A52A-D75C987CA3B8}"
	ProjectSection(ProjectDependencies) = postProject
		{5384B849-9343-412A-B544-338FDBA906F1} = {5384B849-9343-412A-B544-338FDBA906F1}
	EndProjectSection
EndProject
Project("{8BC9CEB8-8B4A-11D0-8D11-00A0C91BC942}") = "ChattingServer", "ChattingServer\ChattingServer.vcxproj", "{5390A27E-BFF4-4541-82E6-D421B5AF5EA7}"
EndProject
Project("{8BC9CEB8-8B4A-11D0-8D11-00A0C91BC942}") = "DBAgent", "DBAgent\DBAgent.vcxproj", "{BC54944C-D414-463E-A3FD-CAC91966FC9E}"
EndProject
Project("{FAE04EC0-301F-11D3-BF4B-00C04F79EFBC}") = "packetMaker", "packetMaker\packetMaker.csproj", "{15582D53-5EDB-4546-B536-8AD1D87F1147}"
EndProject
Project("{2150E333-8FDC-42A3-9474-1A3956D46DE8}") = "ServerCore", "ServerCore", "{5133C214-9634-49F1-8499-0F57E86E1F07}"
EndProject
Project("{2150E333-8FDC-42A3-9474-1A3956D46DE8}") = "Tools", "Tools", "{D860F3E6-84D1-4BF2-AFD6-81BD671F3719}"
EndProject
Global
	GlobalSection(SolutionConfigurationPlatforms) = preSolution
		Debug|Any CPU = Debug|Any CPU
		Debug|x64 = Debug|x64
		Debug|x86 = Debug|x86
		Release|Any CPU = Release|Any CPU
		Release|x64 = Release|x64
		Release|x86 = Release|x86
	EndGlobalSection
	GlobalSection(ProjectConfigurationPlatforms) = postSolution
		{5384B849-9343-412A-B544-338FDBA906F1}.Debug|Any CPU.ActiveCfg = Debug|Win32
		{5384B849-9343-412A-B544-338FDBA906F1}.Debug|x64.ActiveCfg = Debug|x64
		{5384B849-9343-412A-B544-338FDBA906F1}.Debug|x64.Build.0 = Debug|x64
		{5384B849-9343-412A-B544-338FDBA906F1}.Debug|x86.ActiveCfg = Debug|Win32
		{5384B849-9343-412A-B544-338FDBA906F1}.Debug|x86.Build.0 = Debug|Win32
		{5384B849-9343-412A-B544-338FDBA906F1}.Release|Any CPU.ActiveCfg = Release|Win32
		{5384B849-9343-412A-B544-338FDBA906F1}.Release|x64.ActiveCfg = Release|x64
		{5384B849-9343-412A-B544-338FDBA906F1}.Release|x64.Build.0 = Release|x64
		{5384B849-9343-412A-B544-338FDBA906F1}.Release|x86.ActiveCfg = Release|Win32
		{5384B849-9343-412A-B544-338FDBA906F1}.Release|x86.Build.0 = Release|Win32
		{E4A5657C-E074-459E-A52A-D75C987CA3B8}.Debug|Any CPU.ActiveCfg = Debug|Win32
		{E4A5657C-E074-459E-A52A-D75C987CA3B8}.Debug|x64.ActiveCfg = Debug|x64
		{E4A5657C-E074-459E-A52A-D75C987CA3B8}.Debug|x64.Build.0 = Debug|x64
		{E4A5657C-E074-459E-A52A-D75C987CA3B8}.Debug|x86.ActiveCfg = Debug|Win32
		{E4A5657C-E074-459E-A52A-D75C987CA3B8}.Debug|x86.Build.0 = Debug|Win32
		{E4A5657C-E074-459E-A52A-D75C987CA3B8}.Release|Any CPU.ActiveCfg = Release|Win32
		{E4A5657C-E074-459E-A52A-D75C987CA3B8}.Release|x64.ActiveCfg = Release|x64
		{E4A5657C-E074-459E-A52A-D75C987CA3B8}.Release|x64.Build.0 = Release|x64
		{E4A5657C-E074-459E-A52A-D75C987CA3B8}.Release|x86.ActiveCfg = Release|Win32
		{E4A5657C-E074-459E-A52A-D75C987CA3B8}.Release|x86.Build.0 = Release|Win32
		{5390A27E-BFF4-4541-82E6-D421B5AF5EA7}.Debug|Any CPU.ActiveCfg = Debug|Win32
		{5390A27E-BFF4-4541-82E6-D421B5AF5EA7}.Debug|x64.ActiveCfg = Debug|x64
		{5390A27E-BFF4-4541-82E6-D421B5AF5EA7}.Debug|x64.Build.0 = Debug|x64
		{5390A27E-BFF4-4541-82E6-D421B5AF5EA7}.Debug|x86.ActiveCfg = Debug|Win32
		{5390A27E-BFF4-4541-82E6-D421B5AF5EA7}.Debug|x86.Build.0 = Debug|Win32
		{5390A27E-BFF4-4541-82E6-D421B5AF5EA7}.Release|Any CPU.ActiveCfg = Release|Win32
		{5390A27E-BFF4-4541-82E6-D421B5AF5EA7}.Release|x64.ActiveCfg = Release|x64
		{5390A27E-BFF4-4541-82E6-D421B5AF5EA7}.Release|x64.Build.0 = Release|x64
		{5390A27E-BFF4-4541-82E6-D421B5AF5EA7}.Release|x86.ActiveCfg = Release|Win32
		{5390A27E-BFF4-4541-82E6-D421B5AF5EA7}.Release|x86.Build.0 = Release|Win32
		{BC54944C-D414-463E-A3FD-CAC91966FC9E}.Debug|Any CPU.ActiveCfg = Debug|Win32
		{BC54944C-D414-463E-A3FD-CAC91966FC9E}.Debug|x64.ActiveCfg = Debug|x64
		{BC54944C-D414-463E-A3FD-CAC91966FC9E}.Debug|x64.Build.0 = Debug|x64
		{BC54944C-D414-463E-A3FD-CAC91966FC9E}.Debug|x86.ActiveCfg = Debug|Win32
		{BC54944C-D414-463E-A3FD-CAC91966FC9E}.Debug|x86.Build.0 = Debug|Win32
		{BC54944C-D414-463E-A3FD-CAC91966FC9E}.Release|Any CPU.ActiveCfg = Release|Win32
		{BC54944C-D414-463E-A3FD-CAC91966FC9E}.Release|x64.ActiveCfg = Release|x64
		{BC54944C-D414-463E-A3FD-CAC91966FC9E}.Release|x64.Build.0 = Release|x64
		{BC54944C-D414-463E-A3FD-CAC91966FC9E}.Release|x86.ActiveCfg = Release|Win32
		{BC54944C-D414-463E-A3FD-CAC91966FC9E}.Release|x86.Build.0 = Release|Win32
		{15582D53-5EDB-4546-B536-8AD1D87F1147}.Debug|Any CPU.ActiveCfg = Debug|Any CPU
		{15582D53-5EDB-4546-B536-8AD1D87F1147}.Debug|Any CPU.Build.0 = Debug|Any CPU
		{15582D53-5EDB-4546-B536-8AD1D87F1147}.Debug|x64.ActiveCfg = Debug|Any CPU
		{15582D53-5EDB-4546-B536-8AD1D87F1147}.Debug|x64.Build.0 = Debug|Any CPU
		{15582D53-5EDB-4546-B536-8AD1D87F1147}.Debug|x86.ActiveCfg = Debug|Any CPU
		{15582D53-5EDB-4546-B536-8AD1D87F1147}.Debug|x86.Build.0 = Debug|Any CPU
		{15582D53-5EDB-4546-B536-8AD1D87F1147}.Release|Any CPU.ActiveCfg = Release|Any CPU
		{15582D53-5EDB-4546-B536-8AD1D87F1147}.Release|Any CPU.Build.0 = Release|Any CPU
		{15582D53-5EDB-4546-B536-8AD1D87F1147}.Release|x64.ActiveCfg = Release|Any CPU
		{15582D53-5EDB-4546-B536-8AD1D87F1147}.Release|x64.Build.0 = Release|Any CPU
		{15582D53-5EDB-4546-B536-8AD1D87F1147}.Release|x86.ActiveCfg = Release|Any CPU
		{15582D53-5EDB-4546-B536-8AD1D87F1147}.Release|x86.Build.0 = Release|Any CPU
	EndGlobalSection
	GlobalSection(SolutionProperties) = preSolution
		HideSolutionNode = FALSE
	EndGlobalSection
	GlobalSection(NestedProjects) = preSolution
		{5384B849-9343-412A-B544-338FDBA906F1} = {5133C214-9634-49F1-8499-0F57E86E1F07}
		{E4A5657C-E074-459E-A52A-D75C987CA3B8} = {5133C214-9634-49F1-8499-0F57E86E1F07}
		{5390A27E-BFF4-4541-82E6-D421B5AF5EA7} = {5133C214-9634-49F1-8499-0F57E86E1F07}
		{BC54944C-D414-463E-A3FD-CAC91966FC9E} = {5133C214-9634-49F1-8499-0F57E86E1F07}
		{15582D53-5EDB-4546-B536-8AD1D87F1147} = {D860F3E6-84D1-4BF2-AFD6-81BD671F3719}
	EndGlobalSection
	GlobalSection(ExtensibilityGlobals) = postSolution
		SolutionGuid = {D7C86617-705B-43C2-B323-A396B2A848FB}
	EndGlobalSection
EndGlobal
